<?xml version="1.0" encoding="utf-8"?>
<Project ToolsVersion="4.0" xmlns="http://schemas.microsoft.com/developer/msbuild/2003">
  <ItemGroup>
    <ClInclude Include="pch.h">
      <Filter>Pch</Filter>
    </ClInclude>
    <ClInclude Include="EnginePch.h">
      <Filter>Pch</Filter>
    </ClInclude>
    <ClInclude Include="framework.h">
      <Filter>Header</Filter>
    </ClInclude>
    <ClInclude Include="Actor.h">
      <Filter>Actor</Filter>
    </ClInclude>
    <ClInclude Include="ComponentBase.h">
      <Filter>Component</Filter>
    </ClInclude>
    <ClInclude Include="AssetBase.h">
      <Filter>Assets</Filter>
    </ClInclude>
    <ClInclude Include="TextureAsset.h">
      <Filter>Assets</Filter>
    </ClInclude>
    <ClInclude Include="EngineBody.h">
      <Filter>EngineBody</Filter>
    </ClInclude>
    <ClInclude Include="..\Common\SimpleMath.h">
      <Filter>Common</Filter>
    </ClInclude>
    <ClInclude Include="..\Common\Types.h">
      <Filter>Common</Filter>
    </ClInclude>
    <ClInclude Include="..\Common\VertexData.h">
      <Filter>Common</Filter>
    </ClInclude>
    <ClInclude Include="..\Interface\IRenderer.h">
      <Filter>Interface</Filter>
    </ClInclude>
    <ClInclude Include="EngineTypes.h">
      <Filter>Header</Filter>
    </ClInclude>
    <ClInclude Include="EngineMacro.h">
      <Filter>Header</Filter>
    </ClInclude>
    <ClInclude Include="..\Interface\IEngine.h">
      <Filter>Interface</Filter>
    </ClInclude>
    <ClInclude Include="MeshAsset.h">
      <Filter>Assets</Filter>
    </ClInclude>
    <ClInclude Include="..\Utils\CommonUtils.h">
      <Filter>Utils</Filter>
    </ClInclude>
    <ClInclude Include="..\Utils\FileUtils.h">
      <Filter>Utils</Filter>
    </ClInclude>
    <ClInclude Include="PrimitiveComponent.h">
      <Filter>Component</Filter>
    </ClInclude>
    <ClInclude Include="SceneComponent.h">
      <Filter>Component</Filter>
    </ClInclude>
    <ClInclude Include="MonoBehaviour.h">
      <Filter>Component</Filter>
    </ClInclude>
    <ClInclude Include="CameraComponent.h">
      <Filter>Component</Filter>
    </ClInclude>
    <ClInclude Include="GeometryHelper.h">
      <Filter>Utils</Filter>
    </ClInclude>
    <ClInclude Include="Geometry.h">
      <Filter>Utils</Filter>
    </ClInclude>
    <ClInclude Include="RenderProxy.h">
      <Filter>RenderProxy</Filter>
    </ClInclude>
    <ClInclude Include="MaterialAsset.h">
      <Filter>Assets</Filter>
    </ClInclude>
    <ClInclude Include="TimeManager.h">
      <Filter>Manager</Filter>
    </ClInclude>
    <ClInclude Include="InputManager.h">
      <Filter>Manager</Filter>
    </ClInclude>
    <ClInclude Include="C:\Users\skdfw\Downloads\A-26)+ImGUI\Engine\tinyxml2.h">
      <Filter>Utils</Filter>
    </ClInclude>
  </ItemGroup>
  <ItemGroup>
    <Filter Include="Pch">
      <UniqueIdentifier>{d302e9e1-4fa9-491e-aef0-237d9fc09af6}</UniqueIdentifier>
    </Filter>
    <Filter Include="Actor">
      <UniqueIdentifier>{e7108c76-94f2-475a-a602-b2d333c24f1e}</UniqueIdentifier>
    </Filter>
    <Filter Include="Assets">
      <UniqueIdentifier>{6247d8de-f036-4d69-afed-70713c4b1cb8}</UniqueIdentifier>
    </Filter>
    <Filter Include="Common">
      <UniqueIdentifier>{c996c927-0a84-4500-acc5-40e357b31eb3}</UniqueIdentifier>
    </Filter>
    <Filter Include="Interface">
      <UniqueIdentifier>{8e3b5aee-4e1b-4889-aac2-f4d874f0ce8d}</UniqueIdentifier>
    </Filter>
    <Filter Include="EngineBody">
      <UniqueIdentifier>{6fb20d01-7f4a-4baf-aac6-c9efd1fb8b6a}</UniqueIdentifier>
    </Filter>
    <Filter Include="Utils">
      <UniqueIdentifier>{2939abac-0931-4c20-93b3-a82f1c07085e}</UniqueIdentifier>
    </Filter>
    <Filter Include="Component">
      <UniqueIdentifier>{a881f60c-1473-4222-b34b-82dca7b17623}</UniqueIdentifier>
    </Filter>
    <Filter Include="Header">
      <UniqueIdentifier>{35ace005-33b3-465c-a795-e13116fb0a31}</UniqueIdentifier>
    </Filter>
    <Filter Include="RenderProxy">
      <UniqueIdentifier>{ba2bc2e3-d8d9-4233-b1e8-9fc189358ec2}</UniqueIdentifier>
    </Filter>
    <Filter Include="Manager">
      <UniqueIdentifier>{1de182e0-ef08-4b7c-92c7-3004f4c6b1d4}</UniqueIdentifier>
    </Filter>
  </ItemGroup>
  <ItemGroup>
    <ClCompile Include="pch.cpp">
      <Filter>Pch</Filter>
    </ClCompile>
    <ClCompile Include="Actor.cpp">
      <Filter>Actor</Filter>
    </ClCompile>
    <ClCompile Include="ComponentBase.cpp">
      <Filter>Component</Filter>
    </ClCompile>
    <ClCompile Include="AssetBase.cpp">
      <Filter>Assets</Filter>
    </ClCompile>
    <ClCompile Include="TextureAsset.cpp">
      <Filter>Assets</Filter>
    </ClCompile>
    <ClCompile Include="EngineBody.cpp">
      <Filter>EngineBody</Filter>
    </ClCompile>
    <ClCompile Include="..\Common\SimpleMath.cpp">
      <Filter>Common</Filter>
    </ClCompile>
    <ClCompile Include="..\Common\VertexData.cpp">
      <Filter>Common</Filter>
    </ClCompile>
    <ClCompile Include="MeshAsset.cpp">
      <Filter>Assets</Filter>
    </ClCompile>
    <ClCompile Include="..\Utils\CommonUtils.cpp">
      <Filter>Utils</Filter>
    </ClCompile>
    <ClCompile Include="..\Utils\FileUtils.cpp">
      <Filter>Utils</Filter>
    </ClCompile>
    <ClCompile Include="PrimitiveComponent.cpp">
      <Filter>Component</Filter>
    </ClCompile>
    <ClCompile Include="SceneComponent.cpp">
      <Filter>Component</Filter>
    </ClCompile>
    <ClCompile Include="MonoBehaviour.cpp">
      <Filter>Component</Filter>
    </ClCompile>
    <ClCompile Include="CameraComponent.cpp">
      <Filter>Component</Filter>
    </ClCompile>
    <ClCompile Include="Geometry.cpp">
      <Filter>Utils</Filter>
    </ClCompile>
    <ClCompile Include="GeometryHelper.cpp">
      <Filter>Utils</Filter>
    </ClCompile>
    <ClCompile Include="RenderProxy.cpp">
      <Filter>RenderProxy</Filter>
    </ClCompile>
    <ClCompile Include="MaterialAsset.cpp">
      <Filter>Assets</Filter>
    </ClCompile>
    <ClCompile Include="TimeManager.cpp">
      <Filter>Manager</Filter>
    </ClCompile>
    <ClCompile Include="InputManager.cpp">
      <Filter>Manager</Filter>
    </ClCompile>
    <ClCompile Include="C:\Users\skdfw\Downloads\A-26)+ImGUI\Engine\tinyxml2.cpp">
      <Filter>Utils</Filter>
    </ClCompile>
  </ItemGroup>
  <ItemGroup>
    <None Include="..\Common\SimpleMath.inl">
      <Filter>Common</Filter>
    </None>
  </ItemGroup>
</Project>