
Microsoft Visual Studio Solution File, Format Version 12.00
# Visual Studio Version 17
VisualStudioVersion = 17.14.36429.23 d17.14
MinimumVisualStudioVersion = 10.0.40219.1
Project("{8BC9CEB8-8B4A-11D0-8D11-00A0C91BC942}") = "Client", "Client.vcxproj", "{643DD7DD-2099-4442-9040-430A42456382}"
EndProject
Global
	GlobalSection(SolutionConfigurationPlatforms) = preSolution
		Debug|x64 = Debug|x64
		Debug|x86 = Debug|x86
		Release|x64 = Release|x64
		Release|x86 = Release|x86
	EndGlobalSection
	GlobalSection(ProjectConfigurationPlatforms) = postSolution
		{643DD7DD-2099-4442-9040-430A42456382}.Debug|x64.ActiveCfg = Debug|x64
		{643DD7DD-2099-4442-9040-430A42456382}.Debug|x64.Build.0 = Debug|x64
		{643DD7DD-2099-4442-9040-430A42456382}.Debug|x86.ActiveCfg = Debug|Win32
		{643DD7DD-2099-4442-9040-430A42456382}.Debug|x86.Build.0 = Debug|Win32
		{643DD7DD-2099-4442-9040-430A42456382}.Release|x64.ActiveCfg = Release|x64
		{643DD7DD-2099-4442-9040-430A42456382}.Release|x64.Build.0 = Release|x64
		{643DD7DD-2099-4442-9040-430A42456382}.Release|x86.ActiveCfg = Release|Win32
		{643DD7DD-2099-4442-9040-430A42456382}.Release|x86.Build.0 = Release|Win32
	EndGlobalSection
	GlobalSection(SolutionProperties) = preSolution
		HideSolutionNode = FALSE
	EndGlobalSection
	GlobalSection(ExtensibilityGlobals) = postSolution
		SolutionGuid = {5014801E-7DD7-4854-A681-533197FE8F29}
	EndGlobalSection
EndGlobal
