<?xml version="1.0" encoding="utf-8"?>
<Project ToolsVersion="4.0" xmlns="http://schemas.microsoft.com/developer/msbuild/2003">
  <ItemGroup>
    <Filter Include="Resource Files">
      <UniqueIdentifier>{67DA6AB6-F800-4c08-8B7A-83BB121AAD01}</UniqueIdentifier>
      <Extensions>rc;ico;cur;bmp;dlg;rc2;rct;bin;rgs;gif;jpg;jpeg;jpe;resx;tiff;tif;png;wav;mfcribbon-ms</Extensions>
    </Filter>
    <Filter Include="Headers">
      <UniqueIdentifier>{efa0356c-0881-4fb7-808c-41a6b849acd4}</UniqueIdentifier>
    </Filter>
    <Filter Include="Headers\Etc">
      <UniqueIdentifier>{34b1baba-9e5e-41ec-8765-6e5a932c83af}</UniqueIdentifier>
    </Filter>
    <Filter Include="Pch">
      <UniqueIdentifier>{20ff9476-2de4-49e6-b2a1-f8d75ae2b535}</UniqueIdentifier>
    </Filter>
    <Filter Include="EntryPoint">
      <UniqueIdentifier>{de2e6c17-b039-47bf-ba3e-0a2805c9932e}</UniqueIdentifier>
    </Filter>
    <Filter Include="Common">
      <UniqueIdentifier>{76c15acf-e75e-48a4-a377-331af4e94a2c}</UniqueIdentifier>
    </Filter>
    <Filter Include="Game">
      <UniqueIdentifier>{d822d506-70ea-4f54-82c1-2bdfc2ad4847}</UniqueIdentifier>
    </Filter>
    <Filter Include="Interface">
      <UniqueIdentifier>{4d9aadf9-81cd-4fab-ac96-e9a93795e237}</UniqueIdentifier>
    </Filter>
    <Filter Include="Scripts">
      <UniqueIdentifier>{e844f043-814a-4995-89ed-104b9eb47324}</UniqueIdentifier>
    </Filter>
    <Filter Include="Shaders">
      <UniqueIdentifier>{a82453b5-f56b-445e-b584-07b3b82d77c6}</UniqueIdentifier>
    </Filter>
    <Filter Include="Scene">
      <UniqueIdentifier>{300f62af-c312-4478-bd1b-18ffb73ccf0a}</UniqueIdentifier>
    </Filter>
  </ItemGroup>
  <ItemGroup>
    <ClInclude Include="Client.h">
      <Filter>Headers\Etc</Filter>
    </ClInclude>
    <ClInclude Include="framework.h">
      <Filter>Headers\Etc</Filter>
    </ClInclude>
    <ClInclude Include="Resource.h">
      <Filter>Headers\Etc</Filter>
    </ClInclude>
    <ClInclude Include="targetver.h">
      <Filter>Headers\Etc</Filter>
    </ClInclude>
    <ClInclude Include="pch.h">
      <Filter>Pch</Filter>
    </ClInclude>
    <ClInclude Include="..\Common\Types.h">
      <Filter>Common</Filter>
    </ClInclude>
    <ClInclude Include="..\Common\SimpleMath.h">
      <Filter>Common</Filter>
    </ClInclude>
    <ClInclude Include="ClientMacro.h">
      <Filter>Headers</Filter>
    </ClInclude>
    <ClInclude Include="Game.h">
      <Filter>Game</Filter>
    </ClInclude>
    <ClInclude Include="..\Interface\IEngine.h">
      <Filter>Interface</Filter>
    </ClInclude>
    <ClInclude Include="CameraScript.h">
      <Filter>Scripts</Filter>
    </ClInclude>
    <ClInclude Include="SceneInGame.h">
      <Filter>Scene</Filter>
    </ClInclude>
  </ItemGroup>
  <ItemGroup>
    <ClCompile Include="pch.cpp">
      <Filter>Pch</Filter>
    </ClCompile>
    <ClCompile Include="Client.cpp">
      <Filter>EntryPoint</Filter>
    </ClCompile>
    <ClCompile Include="..\Common\SimpleMath.cpp">
      <Filter>Common</Filter>
    </ClCompile>
    <ClCompile Include="Game.cpp">
      <Filter>Game</Filter>
    </ClCompile>
    <ClCompile Include="CameraScript.cpp">
      <Filter>Scripts</Filter>
    </ClCompile>
    <ClCompile Include="SceneInGame.cpp">
      <Filter>Scene</Filter>
    </ClCompile>
  </ItemGroup>
  <ItemGroup>
    <ResourceCompile Include="Client.rc">
      <Filter>Resource Files</Filter>
    </ResourceCompile>
  </ItemGroup>
  <ItemGroup>
    <Image Include="small.ico">
      <Filter>Resource Files</Filter>
    </Image>
    <Image Include="Client.ico">
      <Filter>Resource Files</Filter>
    </Image>
  </ItemGroup>
  <ItemGroup>
    <None Include="..\Common\SimpleMath.inl">
      <Filter>Common</Filter>
    </None>
  </ItemGroup>
  <ItemGroup>
    <FxCompile Include="..\Shaders\Default.hlsl">
      <Filter>Shaders</Filter>
    </FxCompile>
  </ItemGroup>
</Project>